// !$*UTF8*$!
{
	archiveVersion = 1;
	classes = {
	};
	objectVersion = 46;
	objects = {

/* Begin PBXBuildFile section */
		6089FE5B1A1DB05C00F29AFF /* main.m in Sources */ = {isa = PBXBuildFile; fileRef = 6089FE5A1A1DB05C00F29AFF /* main.m */; };
		6089FE5E1A1DB05C00F29AFF /* AppDelegate.m in Sources */ = {isa = PBXBuildFile; fileRef = 6089FE5D1A1DB05C00F29AFF /* AppDelegate.m */; };
		6089FE611A1DB05C00F29AFF /* ViewController.m in Sources */ = {isa = PBXBuildFile; fileRef = 6089FE601A1DB05C00F29AFF /* ViewController.m */; };
		6089FE641A1DB05C00F29AFF /* Main.storyboard in Resources */ = {isa = PBXBuildFile; fileRef = 6089FE621A1DB05C00F29AFF /* Main.storyboard */; };
		6089FE661A1DB05C00F29AFF /* Images.xcassets in Resources */ = {isa = PBXBuildFile; fileRef = 6089FE651A1DB05C00F29AFF /* Images.xcassets */; };
		6089FE691A1DB05C00F29AFF /* LaunchScreen.xib in Resources */ = {isa = PBXBuildFile; fileRef = 6089FE671A1DB05C00F29AFF /* LaunchScreen.xib */; };
		6089FE751A1DB05C00F29AFF /* demo_testTests.m in Sources */ = {isa = PBXBuildFile; fileRef = 6089FE741A1DB05C00F29AFF /* demo_testTests.m */; };
		6089FE871A1DB10000F29AFF /* CloudClient.m in Sources */ = {isa = PBXBuildFile; fileRef = 6089FE7F1A1DB10000F29AFF /* CloudClient.m */; };
		6089FE881A1DB10000F29AFF /* CloudClientRequest.m in Sources */ = {isa = PBXBuildFile; fileRef = 6089FE811A1DB10000F29AFF /* CloudClientRequest.m */; };
		6089FE891A1DB10000F29AFF /* CustomCell.m in Sources */ = {isa = PBXBuildFile; fileRef = 6089FE831A1DB10000F29AFF /* CustomCell.m */; };
		6089FE8A1A1DB10000F29AFF /* ResponseViewController.m in Sources */ = {isa = PBXBuildFile; fileRef = 6089FE861A1DB10000F29AFF /* ResponseViewController.m */; };
		6089FEAE1A1DB1A700F29AFF /* ASIAuthenticationDialog.m in Sources */ = {isa = PBXBuildFile; fileRef = 6089FE8D1A1DB1A700F29AFF /* ASIAuthenticationDialog.m */; settings = {COMPILER_FLAGS = "-fno-objc-arc"; }; };
		6089FEAF1A1DB1A700F29AFF /* ASIDataCompressor.m in Sources */ = {isa = PBXBuildFile; fileRef = 6089FE901A1DB1A700F29AFF /* ASIDataCompressor.m */; settings = {COMPILER_FLAGS = "-fno-objc-arc"; }; };
		6089FEB01A1DB1A700F29AFF /* ASIDataDecompressor.m in Sources */ = {isa = PBXBuildFile; fileRef = 6089FE921A1DB1A700F29AFF /* ASIDataDecompressor.m */; settings = {COMPILER_FLAGS = "-fno-objc-arc"; }; };
		6089FEB11A1DB1A700F29AFF /* ASIDownloadCache.m in Sources */ = {isa = PBXBuildFile; fileRef = 6089FE941A1DB1A700F29AFF /* ASIDownloadCache.m */; settings = {COMPILER_FLAGS = "-fno-objc-arc"; }; };
		6089FEB21A1DB1A700F29AFF /* ASIFormDataRequest.m in Sources */ = {isa = PBXBuildFile; fileRef = 6089FE961A1DB1A700F29AFF /* ASIFormDataRequest.m */; settings = {COMPILER_FLAGS = "-fno-objc-arc"; }; };
		6089FEB31A1DB1A700F29AFF /* ASIHTTPRequest.m in Sources */ = {isa = PBXBuildFile; fileRef = 6089FE981A1DB1A700F29AFF /* ASIHTTPRequest.m */; settings = {COMPILER_FLAGS = "-fno-objc-arc"; }; };
		6089FEB41A1DB1A700F29AFF /* ASIInputStream.m in Sources */ = {isa = PBXBuildFile; fileRef = 6089FE9C1A1DB1A700F29AFF /* ASIInputStream.m */; settings = {COMPILER_FLAGS = "-fno-objc-arc"; }; };
		6089FEB51A1DB1A700F29AFF /* ASINetworkQueue.m in Sources */ = {isa = PBXBuildFile; fileRef = 6089FE9E1A1DB1A700F29AFF /* ASINetworkQueue.m */; settings = {COMPILER_FLAGS = "-fno-objc-arc"; }; };
		6089FEB61A1DB1A700F29AFF /* Reachability.m in Sources */ = {isa = PBXBuildFile; fileRef = 6089FEA11A1DB1A700F29AFF /* Reachability.m */; settings = {COMPILER_FLAGS = "-fno-objc-arc"; }; };
		6089FEB71A1DB1A700F29AFF /* DataCheck.m in Sources */ = {isa = PBXBuildFile; fileRef = 6089FEA41A1DB1A700F29AFF /* DataCheck.m */; settings = {COMPILER_FLAGS = "-fno-objc-arc"; }; };
		6089FEB81A1DB1A700F29AFF /* MBProgressHUD+Add.m in Sources */ = {isa = PBXBuildFile; fileRef = 6089FEA71A1DB1A700F29AFF /* MBProgressHUD+Add.m */; settings = {COMPILER_FLAGS = "-fno-objc-arc"; }; };
		6089FEB91A1DB1A700F29AFF /* MBProgressHUD.bundle in Resources */ = {isa = PBXBuildFile; fileRef = 6089FEA81A1DB1A700F29AFF /* MBProgressHUD.bundle */; };
		6089FEBA1A1DB1A700F29AFF /* MBProgressHUD.m in Sources */ = {isa = PBXBuildFile; fileRef = 6089FEAA1A1DB1A700F29AFF /* MBProgressHUD.m */; settings = {COMPILER_FLAGS = "-fno-objc-arc"; }; };
		6089FEBB1A1DB1A700F29AFF /* JSONKit.m in Sources */ = {isa = PBXBuildFile; fileRef = 6089FEAD1A1DB1A700F29AFF /* JSONKit.m */; settings = {COMPILER_FLAGS = "-fno-objc-arc"; }; };
		6089FEBD1A1DB1B500F29AFF /* MobileCoreServices.framework in Frameworks */ = {isa = PBXBuildFile; fileRef = 6089FEBC1A1DB1B500F29AFF /* MobileCoreServices.framework */; };
		6089FEBF1A1DB1BB00F29AFF /* libz.1.1.3.dylib in Frameworks */ = {isa = PBXBuildFile; fileRef = 6089FEBE1A1DB1BB00F29AFF /* libz.1.1.3.dylib */; };
		6089FEC11A1DB1C400F29AFF /* CoreGraphics.framework in Frameworks */ = {isa = PBXBuildFile; fileRef = 6089FEC01A1DB1C400F29AFF /* CoreGraphics.framework */; };
		6089FEC31A1DB1CC00F29AFF /* SystemConfiguration.framework in Frameworks */ = {isa = PBXBuildFile; fileRef = 6089FEC21A1DB1CC00F29AFF /* SystemConfiguration.framework */; };
		6089FEC51A1DB1D800F29AFF /* CFNetwork.framework in Frameworks */ = {isa = PBXBuildFile; fileRef = 6089FEC41A1DB1D800F29AFF /* CFNetwork.framework */; };
		99A26F371A1DB52500D21123 /* BaseBean.m in Sources */ = {isa = PBXBuildFile; fileRef = 99A26F2C1A1DB52500D21123 /* BaseBean.m */; };
		99A26F381A1DB52500D21123 /* DetailInfoBean.m in Sources */ = {isa = PBXBuildFile; fileRef = 99A26F2F1A1DB52500D21123 /* DetailInfoBean.m */; };
		99A26F391A1DB52500D21123 /* PayInfoRespBean.m in Sources */ = {isa = PBXBuildFile; fileRef = 99A26F311A1DB52500D21123 /* PayInfoRespBean.m */; };
		99A26F3A1A1DB52500D21123 /* paySubInfoRespBean.m in Sources */ = {isa = PBXBuildFile; fileRef = 99A26F331A1DB52500D21123 /* paySubInfoRespBean.m */; };
		99A26F3B1A1DB52500D21123 /* ResponseBean.m in Sources */ = {isa = PBXBuildFile; fileRef = 99A26F361A1DB52500D21123 /* ResponseBean.m */; };
		99A26F3F1A1DD6F300D21123 /* RequestBean.m in Sources */ = {isa = PBXBuildFile; fileRef = 99A26F3E1A1DD6F300D21123 /* RequestBean.m */; };
		99A26F421A1DD71300D21123 /* PayInfoReqBean.m in Sources */ = {isa = PBXBuildFile; fileRef = 99A26F411A1DD71300D21123 /* PayInfoReqBean.m */; };
		99A26F441A1DDB3300D21123 /* Images-2.xcassets in Resources */ = {isa = PBXBuildFile; fileRef = 99A26F431A1DDB3300D21123 /* Images-2.xcassets */; };
/* End PBXBuildFile section */

/* Begin PBXContainerItemProxy section */
		6089FE6F1A1DB05C00F29AFF /* PBXContainerItemProxy */ = {
			isa = PBXContainerItemProxy;
			containerPortal = 6089FE4D1A1DB05C00F29AFF /* Project object */;
			proxyType = 1;
			remoteGlobalIDString = 6089FE541A1DB05C00F29AFF;
			remoteInfo = demo_test;
		};
/* End PBXContainerItemProxy section */

/* Begin PBXFileReference section */
		6089FE551A1DB05C00F29AFF /* demo_test.app */ = {isa = PBXFileReference; explicitFileType = wrapper.application; includeInIndex = 0; path = demo_test.app; sourceTree = BUILT_PRODUCTS_DIR; };
		6089FE591A1DB05C00F29AFF /* Info.plist */ = {isa = PBXFileReference; lastKnownFileType = text.plist.xml; path = Info.plist; sourceTree = "<group>"; };
		6089FE5A1A1DB05C00F29AFF /* main.m */ = {isa = PBXFileReference; lastKnownFileType = sourcecode.c.objc; path = main.m; sourceTree = "<group>"; };
		6089FE5C1A1DB05C00F29AFF /* AppDelegate.h */ = {isa = PBXFileReference; lastKnownFileType = sourcecode.c.h; path = AppDelegate.h; sourceTree = "<group>"; };
		6089FE5D1A1DB05C00F29AFF /* AppDelegate.m */ = {isa = PBXFileReference; lastKnownFileType = sourcecode.c.objc; path = AppDelegate.m; sourceTree = "<group>"; };
		6089FE5F1A1DB05C00F29AFF /* ViewController.h */ = {isa = PBXFileReference; lastKnownFileType = sourcecode.c.h; path = ViewController.h; sourceTree = "<group>"; };
		6089FE601A1DB05C00F29AFF /* ViewController.m */ = {isa = PBXFileReference; lastKnownFileType = sourcecode.c.objc; path = ViewController.m; sourceTree = "<group>"; };
		6089FE631A1DB05C00F29AFF /* Base */ = {isa = PBXFileReference; lastKnownFileType = file.storyboard; name = Base; path = Base.lproj/Main.storyboard; sourceTree = "<group>"; };
		6089FE651A1DB05C00F29AFF /* Images.xcassets */ = {isa = PBXFileReference; lastKnownFileType = folder.assetcatalog; path = Images.xcassets; sourceTree = "<group>"; };
		6089FE681A1DB05C00F29AFF /* Base */ = {isa = PBXFileReference; lastKnownFileType = file.xib; name = Base; path = Base.lproj/LaunchScreen.xib; sourceTree = "<group>"; };
		6089FE6E1A1DB05C00F29AFF /* demo_testTests.xctest */ = {isa = PBXFileReference; explicitFileType = wrapper.cfbundle; includeInIndex = 0; path = demo_testTests.xctest; sourceTree = BUILT_PRODUCTS_DIR; };
		6089FE731A1DB05C00F29AFF /* Info.plist */ = {isa = PBXFileReference; lastKnownFileType = text.plist.xml; path = Info.plist; sourceTree = "<group>"; };
		6089FE741A1DB05C00F29AFF /* demo_testTests.m */ = {isa = PBXFileReference; lastKnownFileType = sourcecode.c.objc; path = demo_testTests.m; sourceTree = "<group>"; };
		6089FE7E1A1DB10000F29AFF /* CloudClient.h */ = {isa = PBXFileReference; fileEncoding = 4; lastKnownFileType = sourcecode.c.h; path = CloudClient.h; sourceTree = "<group>"; };
		6089FE7F1A1DB10000F29AFF /* CloudClient.m */ = {isa = PBXFileReference; fileEncoding = 4; lastKnownFileType = sourcecode.c.objc; path = CloudClient.m; sourceTree = "<group>"; };
		6089FE801A1DB10000F29AFF /* CloudClientRequest.h */ = {isa = PBXFileReference; fileEncoding = 4; lastKnownFileType = sourcecode.c.h; path = CloudClientRequest.h; sourceTree = "<group>"; };
		6089FE811A1DB10000F29AFF /* CloudClientRequest.m */ = {isa = PBXFileReference; fileEncoding = 4; lastKnownFileType = sourcecode.c.objc; path = CloudClientRequest.m; sourceTree = "<group>"; };
		6089FE821A1DB10000F29AFF /* CustomCell.h */ = {isa = PBXFileReference; fileEncoding = 4; lastKnownFileType = sourcecode.c.h; path = CustomCell.h; sourceTree = "<group>"; };
		6089FE831A1DB10000F29AFF /* CustomCell.m */ = {isa = PBXFileReference; fileEncoding = 4; lastKnownFileType = sourcecode.c.objc; path = CustomCell.m; sourceTree = "<group>"; };
		6089FE841A1DB10000F29AFF /* PrefixHeader.pch */ = {isa = PBXFileReference; fileEncoding = 4; lastKnownFileType = sourcecode.c.h; path = PrefixHeader.pch; sourceTree = "<group>"; };
		6089FE851A1DB10000F29AFF /* ResponseViewController.h */ = {isa = PBXFileReference; fileEncoding = 4; lastKnownFileType = sourcecode.c.h; path = ResponseViewController.h; sourceTree = "<group>"; };
		6089FE861A1DB10000F29AFF /* ResponseViewController.m */ = {isa = PBXFileReference; fileEncoding = 4; lastKnownFileType = sourcecode.c.objc; path = ResponseViewController.m; sourceTree = "<group>"; };
		6089FE8C1A1DB1A700F29AFF /* ASIAuthenticationDialog.h */ = {isa = PBXFileReference; fileEncoding = 4; lastKnownFileType = sourcecode.c.h; path = ASIAuthenticationDialog.h; sourceTree = "<group>"; };
		6089FE8D1A1DB1A700F29AFF /* ASIAuthenticationDialog.m */ = {isa = PBXFileReference; fileEncoding = 4; lastKnownFileType = sourcecode.c.objc; path = ASIAuthenticationDialog.m; sourceTree = "<group>"; };
		6089FE8E1A1DB1A700F29AFF /* ASICacheDelegate.h */ = {isa = PBXFileReference; fileEncoding = 4; lastKnownFileType = sourcecode.c.h; path = ASICacheDelegate.h; sourceTree = "<group>"; };
		6089FE8F1A1DB1A700F29AFF /* ASIDataCompressor.h */ = {isa = PBXFileReference; fileEncoding = 4; lastKnownFileType = sourcecode.c.h; path = ASIDataCompressor.h; sourceTree = "<group>"; };
		6089FE901A1DB1A700F29AFF /* ASIDataCompressor.m */ = {isa = PBXFileReference; fileEncoding = 4; lastKnownFileType = sourcecode.c.objc; path = ASIDataCompressor.m; sourceTree = "<group>"; };
		6089FE911A1DB1A700F29AFF /* ASIDataDecompressor.h */ = {isa = PBXFileReference; fileEncoding = 4; lastKnownFileType = sourcecode.c.h; path = ASIDataDecompressor.h; sourceTree = "<group>"; };
		6089FE921A1DB1A700F29AFF /* ASIDataDecompressor.m */ = {isa = PBXFileReference; fileEncoding = 4; lastKnownFileType = sourcecode.c.objc; path = ASIDataDecompressor.m; sourceTree = "<group>"; };
		6089FE931A1DB1A700F29AFF /* ASIDownloadCache.h */ = {isa = PBXFileReference; fileEncoding = 4; lastKnownFileType = sourcecode.c.h; path = ASIDownloadCache.h; sourceTree = "<group>"; };
		6089FE941A1DB1A700F29AFF /* ASIDownloadCache.m */ = {isa = PBXFileReference; fileEncoding = 4; lastKnownFileType = sourcecode.c.objc; path = ASIDownloadCache.m; sourceTree = "<group>"; };
		6089FE951A1DB1A700F29AFF /* ASIFormDataRequest.h */ = {isa = PBXFileReference; fileEncoding = 4; lastKnownFileType = sourcecode.c.h; path = ASIFormDataRequest.h; sourceTree = "<group>"; };
		6089FE961A1DB1A700F29AFF /* ASIFormDataRequest.m */ = {isa = PBXFileReference; fileEncoding = 4; lastKnownFileType = sourcecode.c.objc; path = ASIFormDataRequest.m; sourceTree = "<group>"; };
		6089FE971A1DB1A700F29AFF /* ASIHTTPRequest.h */ = {isa = PBXFileReference; fileEncoding = 4; lastKnownFileType = sourcecode.c.h; path = ASIHTTPRequest.h; sourceTree = "<group>"; };
		6089FE981A1DB1A700F29AFF /* ASIHTTPRequest.m */ = {isa = PBXFileReference; fileEncoding = 4; lastKnownFileType = sourcecode.c.objc; path = ASIHTTPRequest.m; sourceTree = "<group>"; };
		6089FE991A1DB1A700F29AFF /* ASIHTTPRequestConfig.h */ = {isa = PBXFileReference; fileEncoding = 4; lastKnownFileType = sourcecode.c.h; path = ASIHTTPRequestConfig.h; sourceTree = "<group>"; };
		6089FE9A1A1DB1A700F29AFF /* ASIHTTPRequestDelegate.h */ = {isa = PBXFileReference; fileEncoding = 4; lastKnownFileType = sourcecode.c.h; path = ASIHTTPRequestDelegate.h; sourceTree = "<group>"; };
		6089FE9B1A1DB1A700F29AFF /* ASIInputStream.h */ = {isa = PBXFileReference; fileEncoding = 4; lastKnownFileType = sourcecode.c.h; path = ASIInputStream.h; sourceTree = "<group>"; };
		6089FE9C1A1DB1A700F29AFF /* ASIInputStream.m */ = {isa = PBXFileReference; fileEncoding = 4; lastKnownFileType = sourcecode.c.objc; path = ASIInputStream.m; sourceTree = "<group>"; };
		6089FE9D1A1DB1A700F29AFF /* ASINetworkQueue.h */ = {isa = PBXFileReference; fileEncoding = 4; lastKnownFileType = sourcecode.c.h; path = ASINetworkQueue.h; sourceTree = "<group>"; };
		6089FE9E1A1DB1A700F29AFF /* ASINetworkQueue.m */ = {isa = PBXFileReference; fileEncoding = 4; lastKnownFileType = sourcecode.c.objc; path = ASINetworkQueue.m; sourceTree = "<group>"; };
		6089FE9F1A1DB1A700F29AFF /* ASIProgressDelegate.h */ = {isa = PBXFileReference; fileEncoding = 4; lastKnownFileType = sourcecode.c.h; path = ASIProgressDelegate.h; sourceTree = "<group>"; };
		6089FEA01A1DB1A700F29AFF /* Reachability.h */ = {isa = PBXFileReference; fileEncoding = 4; lastKnownFileType = sourcecode.c.h; path = Reachability.h; sourceTree = "<group>"; };
		6089FEA11A1DB1A700F29AFF /* Reachability.m */ = {isa = PBXFileReference; fileEncoding = 4; lastKnownFileType = sourcecode.c.objc; path = Reachability.m; sourceTree = "<group>"; };
		6089FEA31A1DB1A700F29AFF /* DataCheck.h */ = {isa = PBXFileReference; fileEncoding = 4; lastKnownFileType = sourcecode.c.h; path = DataCheck.h; sourceTree = "<group>"; };
		6089FEA41A1DB1A700F29AFF /* DataCheck.m */ = {isa = PBXFileReference; fileEncoding = 4; lastKnownFileType = sourcecode.c.objc; path = DataCheck.m; sourceTree = "<group>"; };
		6089FEA61A1DB1A700F29AFF /* MBProgressHUD+Add.h */ = {isa = PBXFileReference; fileEncoding = 4; lastKnownFileType = sourcecode.c.h; path = "MBProgressHUD+Add.h"; sourceTree = "<group>"; };
		6089FEA71A1DB1A700F29AFF /* MBProgressHUD+Add.m */ = {isa = PBXFileReference; fileEncoding = 4; lastKnownFileType = sourcecode.c.objc; path = "MBProgressHUD+Add.m"; sourceTree = "<group>"; };
		6089FEA81A1DB1A700F29AFF /* MBProgressHUD.bundle */ = {isa = PBXFileReference; lastKnownFileType = "wrapper.plug-in"; path = MBProgressHUD.bundle; sourceTree = "<group>"; };
		6089FEA91A1DB1A700F29AFF /* MBProgressHUD.h */ = {isa = PBXFileReference; fileEncoding = 4; lastKnownFileType = sourcecode.c.h; path = MBProgressHUD.h; sourceTree = "<group>"; };
		6089FEAA1A1DB1A700F29AFF /* MBProgressHUD.m */ = {isa = PBXFileReference; fileEncoding = 4; lastKnownFileType = sourcecode.c.objc; path = MBProgressHUD.m; sourceTree = "<group>"; };
		6089FEAC1A1DB1A700F29AFF /* JSONKit.h */ = {isa = PBXFileReference; fileEncoding = 4; lastKnownFileType = sourcecode.c.h; path = JSONKit.h; sourceTree = "<group>"; };
		6089FEAD1A1DB1A700F29AFF /* JSONKit.m */ = {isa = PBXFileReference; fileEncoding = 4; lastKnownFileType = sourcecode.c.objc; path = JSONKit.m; sourceTree = "<group>"; };
		6089FEBC1A1DB1B500F29AFF /* MobileCoreServices.framework */ = {isa = PBXFileReference; lastKnownFileType = wrapper.framework; name = MobileCoreServices.framework; path = System/Library/Frameworks/MobileCoreServices.framework; sourceTree = SDKROOT; };
		6089FEBE1A1DB1BB00F29AFF /* libz.1.1.3.dylib */ = {isa = PBXFileReference; lastKnownFileType = "compiled.mach-o.dylib"; name = libz.1.1.3.dylib; path = usr/lib/libz.1.1.3.dylib; sourceTree = SDKROOT; };
		6089FEC01A1DB1C400F29AFF /* CoreGraphics.framework */ = {isa = PBXFileReference; lastKnownFileType = wrapper.framework; name = CoreGraphics.framework; path = System/Library/Frameworks/CoreGraphics.framework; sourceTree = SDKROOT; };
		6089FEC21A1DB1CC00F29AFF /* SystemConfiguration.framework */ = {isa = PBXFileReference; lastKnownFileType = wrapper.framework; name = SystemConfiguration.framework; path = System/Library/Frameworks/SystemConfiguration.framework; sourceTree = SDKROOT; };
		6089FEC41A1DB1D800F29AFF /* CFNetwork.framework */ = {isa = PBXFileReference; lastKnownFileType = wrapper.framework; name = CFNetwork.framework; path = System/Library/Frameworks/CFNetwork.framework; sourceTree = SDKROOT; };
		99A26F2B1A1DB52500D21123 /* BaseBean.h */ = {isa = PBXFileReference; fileEncoding = 4; lastKnownFileType = sourcecode.c.h; path = BaseBean.h; sourceTree = "<group>"; };
		99A26F2C1A1DB52500D21123 /* BaseBean.m */ = {isa = PBXFileReference; fileEncoding = 4; lastKnownFileType = sourcecode.c.objc; path = BaseBean.m; sourceTree = "<group>"; };
		99A26F2E1A1DB52500D21123 /* DetailInfoBean.h */ = {isa = PBXFileReference; fileEncoding = 4; lastKnownFileType = sourcecode.c.h; path = DetailInfoBean.h; sourceTree = "<group>"; };
		99A26F2F1A1DB52500D21123 /* DetailInfoBean.m */ = {isa = PBXFileReference; fileEncoding = 4; lastKnownFileType = sourcecode.c.objc; path = DetailInfoBean.m; sourceTree = "<group>"; };
		99A26F301A1DB52500D21123 /* PayInfoRespBean.h */ = {isa = PBXFileReference; fileEncoding = 4; lastKnownFileType = sourcecode.c.h; path = PayInfoRespBean.h; sourceTree = "<group>"; };
		99A26F311A1DB52500D21123 /* PayInfoRespBean.m */ = {isa = PBXFileReference; fileEncoding = 4; lastKnownFileType = sourcecode.c.objc; path = PayInfoRespBean.m; sourceTree = "<group>"; };
		99A26F321A1DB52500D21123 /* paySubInfoRespBean.h */ = {isa = PBXFileReference; fileEncoding = 4; lastKnownFileType = sourcecode.c.h; path = paySubInfoRespBean.h; sourceTree = "<group>"; };
		99A26F331A1DB52500D21123 /* paySubInfoRespBean.m */ = {isa = PBXFileReference; fileEncoding = 4; lastKnownFileType = sourcecode.c.objc; path = paySubInfoRespBean.m; sourceTree = "<group>"; };
		99A26F351A1DB52500D21123 /* ResponseBean.h */ = {isa = PBXFileReference; fileEncoding = 4; lastKnownFileType = sourcecode.c.h; path = ResponseBean.h; sourceTree = "<group>"; };
		99A26F361A1DB52500D21123 /* ResponseBean.m */ = {isa = PBXFileReference; fileEncoding = 4; lastKnownFileType = sourcecode.c.objc; path = ResponseBean.m; sourceTree = "<group>"; };
		99A26F3D1A1DD6F300D21123 /* RequestBean.h */ = {isa = PBXFileReference; fileEncoding = 4; lastKnownFileType = sourcecode.c.h; path = RequestBean.h; sourceTree = "<group>"; };
		99A26F3E1A1DD6F300D21123 /* RequestBean.m */ = {isa = PBXFileReference; fileEncoding = 4; lastKnownFileType = sourcecode.c.objc; path = RequestBean.m; sourceTree = "<group>"; };
		99A26F401A1DD71300D21123 /* PayInfoReqBean.h */ = {isa = PBXFileReference; fileEncoding = 4; lastKnownFileType = sourcecode.c.h; path = PayInfoReqBean.h; sourceTree = "<group>"; };
		99A26F411A1DD71300D21123 /* PayInfoReqBean.m */ = {isa = PBXFileReference; fileEncoding = 4; lastKnownFileType = sourcecode.c.objc; path = PayInfoReqBean.m; sourceTree = "<group>"; };
		99A26F431A1DDB3300D21123 /* Images-2.xcassets */ = {isa = PBXFileReference; lastKnownFileType = folder.assetcatalog; path = "Images-2.xcassets"; sourceTree = "<group>"; };
/* End PBXFileReference section */

/* Begin PBXFrameworksBuildPhase section */
		6089FE521A1DB05C00F29AFF /* Frameworks */ = {
			isa = PBXFrameworksBuildPhase;
			buildActionMask = 2147483647;
			files = (
				6089FEC51A1DB1D800F29AFF /* CFNetwork.framework in Frameworks */,
				6089FEC31A1DB1CC00F29AFF /* SystemConfiguration.framework in Frameworks */,
				6089FEC11A1DB1C400F29AFF /* CoreGraphics.framework in Frameworks */,
				6089FEBF1A1DB1BB00F29AFF /* libz.1.1.3.dylib in Frameworks */,
				6089FEBD1A1DB1B500F29AFF /* MobileCoreServices.framework in Frameworks */,
			);
			runOnlyForDeploymentPostprocessing = 0;
		};
		6089FE6B1A1DB05C00F29AFF /* Frameworks */ = {
			isa = PBXFrameworksBuildPhase;
			buildActionMask = 2147483647;
			files = (
			);
			runOnlyForDeploymentPostprocessing = 0;
		};
/* End PBXFrameworksBuildPhase section */

/* Begin PBXGroup section */
		6089FE4C1A1DB05C00F29AFF = {
			isa = PBXGroup;
			children = (
				6089FEC41A1DB1D800F29AFF /* CFNetwork.framework */,
				6089FEC21A1DB1CC00F29AFF /* SystemConfiguration.framework */,
				6089FEC01A1DB1C400F29AFF /* CoreGraphics.framework */,
				6089FEBE1A1DB1BB00F29AFF /* libz.1.1.3.dylib */,
				6089FEBC1A1DB1B500F29AFF /* MobileCoreServices.framework */,
				6089FE571A1DB05C00F29AFF /* demo_test */,
				6089FE711A1DB05C00F29AFF /* demo_testTests */,
				6089FE561A1DB05C00F29AFF /* Products */,
			);
			sourceTree = "<group>";
		};
		6089FE561A1DB05C00F29AFF /* Products */ = {
			isa = PBXGroup;
			children = (
				6089FE551A1DB05C00F29AFF /* demo_test.app */,
				6089FE6E1A1DB05C00F29AFF /* demo_testTests.xctest */,
			);
			name = Products;
			sourceTree = "<group>";
		};
		6089FE571A1DB05C00F29AFF /* demo_test */ = {
			isa = PBXGroup;
			children = (
				99A26F291A1DB52500D21123 /* Model */,
				6089FE8B1A1DB1A700F29AFF /* ASIHttpRequestDemo */,
				6089FEA21A1DB1A700F29AFF /* DataCheck */,
				6089FEA51A1DB1A700F29AFF /* HUB */,
				6089FEAB1A1DB1A700F29AFF /* JSONKit */,
				6089FE7E1A1DB10000F29AFF /* CloudClient.h */,
				6089FE7F1A1DB10000F29AFF /* CloudClient.m */,
				6089FE801A1DB10000F29AFF /* CloudClientRequest.h */,
				6089FE811A1DB10000F29AFF /* CloudClientRequest.m */,
				6089FE821A1DB10000F29AFF /* CustomCell.h */,
				6089FE831A1DB10000F29AFF /* CustomCell.m */,
				6089FE841A1DB10000F29AFF /* PrefixHeader.pch */,
				6089FE851A1DB10000F29AFF /* ResponseViewController.h */,
				6089FE861A1DB10000F29AFF /* ResponseViewController.m */,
				6089FE5C1A1DB05C00F29AFF /* AppDelegate.h */,
				6089FE5D1A1DB05C00F29AFF /* AppDelegate.m */,
				6089FE5F1A1DB05C00F29AFF /* ViewController.h */,
				6089FE601A1DB05C00F29AFF /* ViewController.m */,
				6089FE621A1DB05C00F29AFF /* Main.storyboard */,
				6089FE651A1DB05C00F29AFF /* Images.xcassets */,
				6089FE671A1DB05C00F29AFF /* LaunchScreen.xib */,
				99A26F431A1DDB3300D21123 /* Images-2.xcassets */,
				6089FE581A1DB05C00F29AFF /* Supporting Files */,
			);
			path = demo_test;
			sourceTree = "<group>";
		};
		6089FE581A1DB05C00F29AFF /* Supporting Files */ = {
			isa = PBXGroup;
			children = (
				6089FE591A1DB05C00F29AFF /* Info.plist */,
				6089FE5A1A1DB05C00F29AFF /* main.m */,
			);
			name = "Supporting Files";
			sourceTree = "<group>";
		};
		6089FE711A1DB05C00F29AFF /* demo_testTests */ = {
			isa = PBXGroup;
			children = (
				6089FE741A1DB05C00F29AFF /* demo_testTests.m */,
				6089FE721A1DB05C00F29AFF /* Supporting Files */,
			);
			path = demo_testTests;
			sourceTree = "<group>";
		};
		6089FE721A1DB05C00F29AFF /* Supporting Files */ = {
			isa = PBXGroup;
			children = (
				6089FE731A1DB05C00F29AFF /* Info.plist */,
			);
			name = "Supporting Files";
			sourceTree = "<group>";
		};
		6089FE8B1A1DB1A700F29AFF /* ASIHttpRequestDemo */ = {
			isa = PBXGroup;
			children = (
				6089FE8C1A1DB1A700F29AFF /* ASIAuthenticationDialog.h */,
				6089FE8D1A1DB1A700F29AFF /* ASIAuthenticationDialog.m */,
				6089FE8E1A1DB1A700F29AFF /* ASICacheDelegate.h */,
				6089FE8F1A1DB1A700F29AFF /* ASIDataCompressor.h */,
				6089FE901A1DB1A700F29AFF /* ASIDataCompressor.m */,
				6089FE911A1DB1A700F29AFF /* ASIDataDecompressor.h */,
				6089FE921A1DB1A700F29AFF /* ASIDataDecompressor.m */,
				6089FE931A1DB1A700F29AFF /* ASIDownloadCache.h */,
				6089FE941A1DB1A700F29AFF /* ASIDownloadCache.m */,
				6089FE951A1DB1A700F29AFF /* ASIFormDataRequest.h */,
				6089FE961A1DB1A700F29AFF /* ASIFormDataRequest.m */,
				6089FE971A1DB1A700F29AFF /* ASIHTTPRequest.h */,
				6089FE981A1DB1A700F29AFF /* ASIHTTPRequest.m */,
				6089FE991A1DB1A700F29AFF /* ASIHTTPRequestConfig.h */,
				6089FE9A1A1DB1A700F29AFF /* ASIHTTPRequestDelegate.h */,
				6089FE9B1A1DB1A700F29AFF /* ASIInputStream.h */,
				6089FE9C1A1DB1A700F29AFF /* ASIInputStream.m */,
				6089FE9D1A1DB1A700F29AFF /* ASINetworkQueue.h */,
				6089FE9E1A1DB1A700F29AFF /* ASINetworkQueue.m */,
				6089FE9F1A1DB1A700F29AFF /* ASIProgressDelegate.h */,
				6089FEA01A1DB1A700F29AFF /* Reachability.h */,
				6089FEA11A1DB1A700F29AFF /* Reachability.m */,
			);
			path = ASIHttpRequestDemo;
			sourceTree = "<group>";
		};
		6089FEA21A1DB1A700F29AFF /* DataCheck */ = {
			isa = PBXGroup;
			children = (
				6089FEA31A1DB1A700F29AFF /* DataCheck.h */,
				6089FEA41A1DB1A700F29AFF /* DataCheck.m */,
			);
			path = DataCheck;
			sourceTree = "<group>";
		};
		6089FEA51A1DB1A700F29AFF /* HUB */ = {
			isa = PBXGroup;
			children = (
				6089FEA61A1DB1A700F29AFF /* MBProgressHUD+Add.h */,
				6089FEA71A1DB1A700F29AFF /* MBProgressHUD+Add.m */,
				6089FEA81A1DB1A700F29AFF /* MBProgressHUD.bundle */,
				6089FEA91A1DB1A700F29AFF /* MBProgressHUD.h */,
				6089FEAA1A1DB1A700F29AFF /* MBProgressHUD.m */,
			);
			path = HUB;
			sourceTree = "<group>";
		};
		6089FEAB1A1DB1A700F29AFF /* JSONKit */ = {
			isa = PBXGroup;
			children = (
				6089FEAC1A1DB1A700F29AFF /* JSONKit.h */,
				6089FEAD1A1DB1A700F29AFF /* JSONKit.m */,
			);
			path = JSONKit;
			sourceTree = "<group>";
		};
		99A26F291A1DB52500D21123 /* Model */ = {
			isa = PBXGroup;
			children = (
				99A26F3C1A1DD6F300D21123 /* RequestBean */,
				99A26F2A1A1DB52500D21123 /* BaseBean */,
				99A26F2D1A1DB52500D21123 /* NewModel */,
				99A26F341A1DB52500D21123 /* ResponseBean */,
			);
			path = Model;
			sourceTree = "<group>";
		};
		99A26F2A1A1DB52500D21123 /* BaseBean */ = {
			isa = PBXGroup;
			children = (
				99A26F2B1A1DB52500D21123 /* BaseBean.h */,
				99A26F2C1A1DB52500D21123 /* BaseBean.m */,
			);
			path = BaseBean;
			sourceTree = "<group>";
		};
		99A26F2D1A1DB52500D21123 /* NewModel */ = {
			isa = PBXGroup;
			children = (
				99A26F2E1A1DB52500D21123 /* DetailInfoBean.h */,
				99A26F2F1A1DB52500D21123 /* DetailInfoBean.m */,
				99A26F301A1DB52500D21123 /* PayInfoRespBean.h */,
				99A26F311A1DB52500D21123 /* PayInfoRespBean.m */,
				99A26F321A1DB52500D21123 /* paySubInfoRespBean.h */,
				99A26F331A1DB52500D21123 /* paySubInfoRespBean.m */,
				99A26F401A1DD71300D21123 /* PayInfoReqBean.h */,
				99A26F411A1DD71300D21123 /* PayInfoReqBean.m */,
			);
			path = NewModel;
			sourceTree = "<group>";
		};
		99A26F341A1DB52500D21123 /* ResponseBean */ = {
			isa = PBXGroup;
			children = (
				99A26F351A1DB52500D21123 /* ResponseBean.h */,
				99A26F361A1DB52500D21123 /* ResponseBean.m */,
			);
			path = ResponseBean;
			sourceTree = "<group>";
		};
		99A26F3C1A1DD6F300D21123 /* RequestBean */ = {
			isa = PBXGroup;
			children = (
				99A26F3D1A1DD6F300D21123 /* RequestBean.h */,
				99A26F3E1A1DD6F300D21123 /* RequestBean.m */,
			);
			path = RequestBean;
			sourceTree = "<group>";
		};
/* End PBXGroup section */

/* Begin PBXNativeTarget section */
		6089FE541A1DB05C00F29AFF /* demo_test */ = {
			isa = PBXNativeTarget;
			buildConfigurationList = 6089FE781A1DB05C00F29AFF /* Build configuration list for PBXNativeTarget "demo_test" */;
			buildPhases = (
				6089FE511A1DB05C00F29AFF /* Sources */,
				6089FE521A1DB05C00F29AFF /* Frameworks */,
				6089FE531A1DB05C00F29AFF /* Resources */,
			);
			buildRules = (
			);
			dependencies = (
			);
			name = demo_test;
			productName = demo_test;
			productReference = 6089FE551A1DB05C00F29AFF /* demo_test.app */;
			productType = "com.apple.product-type.application";
		};
		6089FE6D1A1DB05C00F29AFF /* demo_testTests */ = {
			isa = PBXNativeTarget;
			buildConfigurationList = 6089FE7B1A1DB05C00F29AFF /* Build configuration list for PBXNativeTarget "demo_testTests" */;
			buildPhases = (
				6089FE6A1A1DB05C00F29AFF /* Sources */,
				6089FE6B1A1DB05C00F29AFF /* Frameworks */,
				6089FE6C1A1DB05C00F29AFF /* Resources */,
			);
			buildRules = (
			);
			dependencies = (
				6089FE701A1DB05C00F29AFF /* PBXTargetDependency */,
			);
			name = demo_testTests;
			productName = demo_testTests;
			productReference = 6089FE6E1A1DB05C00F29AFF /* demo_testTests.xctest */;
			productType = "com.apple.product-type.bundle.unit-test";
		};
/* End PBXNativeTarget section */

/* Begin PBXProject section */
		6089FE4D1A1DB05C00F29AFF /* Project object */ = {
			isa = PBXProject;
			attributes = {
				LastUpgradeCheck = 0600;
				ORGANIZATIONNAME = lihualin;
				TargetAttributes = {
					6089FE541A1DB05C00F29AFF = {
						CreatedOnToolsVersion = 6.0.1;
					};
					6089FE6D1A1DB05C00F29AFF = {
						CreatedOnToolsVersion = 6.0.1;
						TestTargetID = 6089FE541A1DB05C00F29AFF;
					};
				};
			};
			buildConfigurationList = 6089FE501A1DB05C00F29AFF /* Build configuration list for PBXProject "demo_test" */;
			compatibilityVersion = "Xcode 3.2";
			developmentRegion = English;
			hasScannedForEncodings = 0;
			knownRegions = (
				en,
				Base,
			);
			mainGroup = 6089FE4C1A1DB05C00F29AFF;
			productRefGroup = 6089FE561A1DB05C00F29AFF /* Products */;
			projectDirPath = "";
			projectRoot = "";
			targets = (
				6089FE541A1DB05C00F29AFF /* demo_test */,
				6089FE6D1A1DB05C00F29AFF /* demo_testTests */,
			);
		};
/* End PBXProject section */

/* Begin PBXResourcesBuildPhase section */
		6089FE531A1DB05C00F29AFF /* Resources */ = {
			isa = PBXResourcesBuildPhase;
			buildActionMask = 2147483647;
			files = (
				6089FE641A1DB05C00F29AFF /* Main.storyboard in Resources */,
				6089FEB91A1DB1A700F29AFF /* MBProgressHUD.bundle in Resources */,
				6089FE691A1DB05C00F29AFF /* LaunchScreen.xib in Resources */,
				99A26F441A1DDB3300D21123 /* Images-2.xcassets in Resources */,
				6089FE661A1DB05C00F29AFF /* Images.xcassets in Resources */,
			);
			runOnlyForDeploymentPostprocessing = 0;
		};
		6089FE6C1A1DB05C00F29AFF /* Resources */ = {
			isa = PBXResourcesBuildPhase;
			buildActionMask = 2147483647;
			files = (
			);
			runOnlyForDeploymentPostprocessing = 0;
		};
/* End PBXResourcesBuildPhase section */

/* Begin PBXSourcesBuildPhase section */
		6089FE511A1DB05C00F29AFF /* Sources */ = {
			isa = PBXSourcesBuildPhase;
			buildActionMask = 2147483647;
			files = (
				99A26F381A1DB52500D21123 /* DetailInfoBean.m in Sources */,
				99A26F3F1A1DD6F300D21123 /* RequestBean.m in Sources */,
				6089FE881A1DB10000F29AFF /* CloudClientRequest.m in Sources */,
				6089FEAE1A1DB1A700F29AFF /* ASIAuthenticationDialog.m in Sources */,
				6089FE611A1DB05C00F29AFF /* ViewController.m in Sources */,
				99A26F371A1DB52500D21123 /* BaseBean.m in Sources */,
				6089FEAF1A1DB1A700F29AFF /* ASIDataCompressor.m in Sources */,
				6089FE891A1DB10000F29AFF /* CustomCell.m in Sources */,
				6089FEB71A1DB1A700F29AFF /* DataCheck.m in Sources */,
				99A26F391A1DB52500D21123 /* PayInfoRespBean.m in Sources */,
				99A26F3B1A1DB52500D21123 /* ResponseBean.m in Sources */,
				6089FE5E1A1DB05C00F29AFF /* AppDelegate.m in Sources */,
				6089FEBA1A1DB1A700F29AFF /* MBProgressHUD.m in Sources */,
				6089FEB41A1DB1A700F29AFF /* ASIInputStream.m in Sources */,
				6089FEB31A1DB1A700F29AFF /* ASIHTTPRequest.m in Sources */,
				99A26F421A1DD71300D21123 /* PayInfoReqBean.m in Sources */,
				6089FE871A1DB10000F29AFF /* CloudClient.m in Sources */,
				6089FEB21A1DB1A700F29AFF /* ASIFormDataRequest.m in Sources */,
				6089FEB61A1DB1A700F29AFF /* Reachability.m in Sources */,
				6089FEB11A1DB1A700F29AFF /* ASIDownloadCache.m in Sources */,
				6089FEBB1A1DB1A700F29AFF /* JSONKit.m in Sources */,
				6089FEB81A1DB1A700F29AFF /* MBProgressHUD+Add.m in Sources */,
				6089FE5B1A1DB05C00F29AFF /* main.m in Sources */,
				6089FE8A1A1DB10000F29AFF /* ResponseViewController.m in Sources */,
				6089FEB01A1DB1A700F29AFF /* ASIDataDecompressor.m in Sources */,
				6089FEB51A1DB1A700F29AFF /* ASINetworkQueue.m in Sources */,
				99A26F3A1A1DB52500D21123 /* paySubInfoRespBean.m in Sources */,
			);
			runOnlyForDeploymentPostprocessing = 0;
		};
		6089FE6A1A1DB05C00F29AFF /* Sources */ = {
			isa = PBXSourcesBuildPhase;
			buildActionMask = 2147483647;
			files = (
				6089FE751A1DB05C00F29AFF /* demo_testTests.m in Sources */,
			);
			runOnlyForDeploymentPostprocessing = 0;
		};
/* End PBXSourcesBuildPhase section */

/* Begin PBXTargetDependency section */
		6089FE701A1DB05C00F29AFF /* PBXTargetDependency */ = {
			isa = PBXTargetDependency;
			target = 6089FE541A1DB05C00F29AFF /* demo_test */;
			targetProxy = 6089FE6F1A1DB05C00F29AFF /* PBXContainerItemProxy */;
		};
/* End PBXTargetDependency section */

/* Begin PBXVariantGroup section */
		6089FE621A1DB05C00F29AFF /* Main.storyboard */ = {
			isa = PBXVariantGroup;
			children = (
				6089FE631A1DB05C00F29AFF /* Base */,
			);
			name = Main.storyboard;
			sourceTree = "<group>";
		};
		6089FE671A1DB05C00F29AFF /* LaunchScreen.xib */ = {
			isa = PBXVariantGroup;
			children = (
				6089FE681A1DB05C00F29AFF /* Base */,
			);
			name = LaunchScreen.xib;
			sourceTree = "<group>";
		};
/* End PBXVariantGroup section */

/* Begin XCBuildConfiguration section */
		6089FE761A1DB05C00F29AFF /* Debug */ = {
			isa = XCBuildConfiguration;
			buildSettings = {
				ALWAYS_SEARCH_USER_PATHS = NO;
				CLANG_CXX_LANGUAGE_STANDARD = "gnu++0x";
				CLANG_CXX_LIBRARY = "libc++";
				CLANG_ENABLE_MODULES = YES;
				CLANG_ENABLE_OBJC_ARC = YES;
				CLANG_WARN_BOOL_CONVERSION = YES;
				CLANG_WARN_CONSTANT_CONVERSION = YES;
				CLANG_WARN_DIRECT_OBJC_ISA_USAGE = YES_ERROR;
				CLANG_WARN_EMPTY_BODY = YES;
				CLANG_WARN_ENUM_CONVERSION = YES;
				CLANG_WARN_INT_CONVERSION = YES;
				CLANG_WARN_OBJC_ROOT_CLASS = YES_ERROR;
				CLANG_WARN_UNREACHABLE_CODE = YES;
				CLANG_WARN__DUPLICATE_METHOD_MATCH = YES;
				"CODE_SIGN_IDENTITY[sdk=iphoneos*]" = "iPhone Developer";
				COPY_PHASE_STRIP = NO;
				ENABLE_STRICT_OBJC_MSGSEND = YES;
				GCC_C_LANGUAGE_STANDARD = gnu99;
				GCC_DYNAMIC_NO_PIC = NO;
				GCC_OPTIMIZATION_LEVEL = 0;
				GCC_PREPROCESSOR_DEFINITIONS = (
					"DEBUG=1",
					"$(inherited)",
				);
				GCC_SYMBOLS_PRIVATE_EXTERN = NO;
				GCC_WARN_64_TO_32_BIT_CONVERSION = YES;
				GCC_WARN_ABOUT_RETURN_TYPE = YES_ERROR;
				GCC_WARN_UNDECLARED_SELECTOR = YES;
				GCC_WARN_UNINITIALIZED_AUTOS = YES_AGGRESSIVE;
				GCC_WARN_UNUSED_FUNCTION = YES;
				GCC_WARN_UNUSED_VARIABLE = YES;
				IPHONEOS_DEPLOYMENT_TARGET = 8.0;
				MTL_ENABLE_DEBUG_INFO = YES;
				ONLY_ACTIVE_ARCH = YES;
				SDKROOT = iphoneos;
			};
			name = Debug;
		};
		6089FE771A1DB05C00F29AFF /* Release */ = {
			isa = XCBuildConfiguration;
			buildSettings = {
				ALWAYS_SEARCH_USER_PATHS = NO;
				CLANG_CXX_LANGUAGE_STANDARD = "gnu++0x";
				CLANG_CXX_LIBRARY = "libc++";
				CLANG_ENABLE_MODULES = YES;
				CLANG_ENABLE_OBJC_ARC = YES;
				CLANG_WARN_BOOL_CONVERSION = YES;
				CLANG_WARN_CONSTANT_CONVERSION = YES;
				CLANG_WARN_DIRECT_OBJC_ISA_USAGE = YES_ERROR;
				CLANG_WARN_EMPTY_BODY = YES;
				CLANG_WARN_ENUM_CONVERSION = YES;
				CLANG_WARN_INT_CONVERSION = YES;
				CLANG_WARN_OBJC_ROOT_CLASS = YES_ERROR;
				CLANG_WARN_UNREACHABLE_CODE = YES;
				CLANG_WARN__DUPLICATE_METHOD_MATCH = YES;
				"CODE_SIGN_IDENTITY[sdk=iphoneos*]" = "iPhone Developer";
				COPY_PHASE_STRIP = YES;
				ENABLE_NS_ASSERTIONS = NO;
				ENABLE_STRICT_OBJC_MSGSEND = YES;
				GCC_C_LANGUAGE_STANDARD = gnu99;
				GCC_WARN_64_TO_32_BIT_CONVERSION = YES;
				GCC_WARN_ABOUT_RETURN_TYPE = YES_ERROR;
				GCC_WARN_UNDECLARED_SELECTOR = YES;
				GCC_WARN_UNINITIALIZED_AUTOS = YES_AGGRESSIVE;
				GCC_WARN_UNUSED_FUNCTION = YES;
				GCC_WARN_UNUSED_VARIABLE = YES;
				IPHONEOS_DEPLOYMENT_TARGET = 8.0;
				MTL_ENABLE_DEBUG_INFO = NO;
				SDKROOT = iphoneos;
				VALIDATE_PRODUCT = YES;
			};
			name = Release;
		};
		6089FE791A1DB05C00F29AFF /* Debug */ = {
			isa = XCBuildConfiguration;
			buildSettings = {
				ASSETCATALOG_COMPILER_APPICON_NAME = AppIcon;
				ASSETCATALOG_COMPILER_LAUNCHIMAGE_NAME = LaunchImage;
				GCC_PRECOMPILE_PREFIX_HEADER = YES;
				GCC_PREFIX_HEADER = demo_test/PrefixHeader.pch;
				INFOPLIST_FILE = demo_test/Info.plist;
				IPHONEOS_DEPLOYMENT_TARGET = 7.1;
				LD_RUNPATH_SEARCH_PATHS = "$(inherited) @executable_path/Frameworks";
				PRODUCT_NAME = "$(TARGET_NAME)";
			};
			name = Debug;
		};
		6089FE7A1A1DB05C00F29AFF /* Release */ = {
			isa = XCBuildConfiguration;
			buildSettings = {
				ASSETCATALOG_COMPILER_APPICON_NAME = AppIcon;
				ASSETCATALOG_COMPILER_LAUNCHIMAGE_NAME = LaunchImage;
				GCC_PRECOMPILE_PREFIX_HEADER = YES;
				GCC_PREFIX_HEADER = demo_test/PrefixHeader.pch;
				INFOPLIST_FILE = demo_test/Info.plist;
				IPHONEOS_DEPLOYMENT_TARGET = 7.1;
				LD_RUNPATH_SEARCH_PATHS = "$(inherited) @executable_path/Frameworks";
				PRODUCT_NAME = "$(TARGET_NAME)";
			};
			name = Release;
		};
		6089FE7C1A1DB05C00F29AFF /* Debug */ = {
			isa = XCBuildConfiguration;
			buildSettings = {
				BUNDLE_LOADER = "$(TEST_HOST)";
				FRAMEWORK_SEARCH_PATHS = (
					"$(SDKROOT)/Developer/Library/Frameworks",
					"$(inherited)",
				);
				GCC_PREPROCESSOR_DEFINITIONS = (
					"DEBUG=1",
					"$(inherited)",
				);
				INFOPLIST_FILE = demo_testTests/Info.plist;
				LD_RUNPATH_SEARCH_PATHS = "$(inherited) @executable_path/Frameworks @loader_path/Frameworks";
				PRODUCT_NAME = "$(TARGET_NAME)";
				TEST_HOST = "$(BUILT_PRODUCTS_DIR)/demo_test.app/demo_test";
			};
			name = Debug;
		};
		6089FE7D1A1DB05C00F29AFF /* Release */ = {
			isa = XCBuildConfiguration;
			buildSettings = {
				BUNDLE_LOADER = "$(TEST_HOST)";
				FRAMEWORK_SEARCH_PATHS = (
					"$(SDKROOT)/Developer/Library/Frameworks",
					"$(inherited)",
				);
				INFOPLIST_FILE = demo_testTests/Info.plist;
				LD_RUNPATH_SEARCH_PATHS = "$(inherited) @executable_path/Frameworks @loader_path/Frameworks";
				PRODUCT_NAME = "$(TARGET_NAME)";
				TEST_HOST = "$(BUILT_PRODUCTS_DIR)/demo_test.app/demo_test";
			};
			name = Release;
		};
/* End XCBuildConfiguration section */

/* Begin XCConfigurationList section */
		6089FE501A1DB05C00F29AFF /* Build configuration list for PBXProject "demo_test" */ = {
			isa = XCConfigurationList;
			buildConfigurations = (
				6089FE761A1DB05C00F29AFF /* Debug */,
				6089FE771A1DB05C00F29AFF /* Release */,
			);
			defaultConfigurationIsVisible = 0;
			defaultConfigurationName = Release;
		};
		6089FE781A1DB05C00F29AFF /* Build configuration list for PBXNativeTarget "demo_test" */ = {
			isa = XCConfigurationList;
			buildConfigurations = (
				6089FE791A1DB05C00F29AFF /* Debug */,
				6089FE7A1A1DB05C00F29AFF /* Release */,
			);
			defaultConfigurationIsVisible = 0;
			defaultConfigurationName = Release;
		};
		6089FE7B1A1DB05C00F29AFF /* Build configuration list for PBXNativeTarget "demo_testTests" */ = {
			isa = XCConfigurationList;
			buildConfigurations = (
				6089FE7C1A1DB05C00F29AFF /* Debug */,
				6089FE7D1A1DB05C00F29AFF /* Release */,
			);
			defaultConfigurationIsVisible = 0;
			defaultConfigurationName = Release;
		};
/* End XCConfigurationList section */
	};
	rootObject = 6089FE4D1A1DB05C00F29AFF /* Project object */;
}
